
Microsoft Visual Studio Solution File, Format Version 12.00
# Visual Studio Version 17
VisualStudioVersion = 17.7.34221.43
MinimumVisualStudioVersion = 10.0.40219.1
Project("{FAE04EC0-301F-11D3-BF4B-00C04F79EFBC}") = "ProjectWeek44", "ProjectWeek44\ProjectWeek44.csproj", "{4A034A61-2B6E-47BC-97B0-1AD9F2C2A9C1}"
EndProject
Global
	GlobalSection(SolutionConfigurationPlatforms) = preSolution
		Debug|Any CPU = Debug|Any CPU
		Release|Any CPU = Release|Any CPU
	EndGlobalSection
	GlobalSection(ProjectConfigurationPlatforms) = postSolution
		{4A034A61-2B6E-47BC-97B0-1AD9F2C2A9C1}.Debug|Any CPU.ActiveCfg = Debug|Any CPU
		{4A034A61-2B6E-47BC-97B0-1AD9F2C2A9C1}.Debug|Any CPU.Build.0 = Debug|Any CPU
		{4A034A61-2B6E-47BC-97B0-1AD9F2C2A9C1}.Release|Any CPU.ActiveCfg = Release|Any CPU
		{4A034A61-2B6E-47BC-97B0-1AD9F2C2A9C1}.Release|Any CPU.Build.0 = Release|Any CPU
	EndGlobalSection
	GlobalSection(SolutionProperties) = preSolution
		HideSolutionNode = FALSE
	EndGlobalSection
	GlobalSection(ExtensibilityGlobals) = postSolution
		SolutionGuid = {E5A11F4A-6354-404A-B316-CEE7FF45990D}
	EndGlobalSection
EndGlobal
